
Microsoft Visual Studio Solution File, Format Version 12.00
# Visual Studio Version 17
VisualStudioVersion = 17.11.35222.181
MinimumVisualStudioVersion = 10.0.40219.1
Project("{FAE04EC0-301F-11D3-BF4B-00C04F79EFBC}") = "AngryBirds.Email.Core", "AngryBirds.Email.Core\AngryBirds.Email.Core.csproj", "{B9A2DA7F-2C8F-42E5-814D-263902EC1BAF}"
EndProject
Project("{FAE04EC0-301F-11D3-BF4B-00C04F79EFBC}") = "AngryBirds.Email.Providers.ElasticEmail", "AngryBirds.Email.Providers.ElasticEmail\AngryBirds.Email.Providers.ElasticEmail.csproj", "{361208C4-10F0-42DB-B099-DC86957FD596}"
EndProject
Project("{FAE04EC0-301F-11D3-BF4B-00C04F79EFBC}") = "AngryBirds.Email.ConsoleTest", "AngryBirds.Email.ConsoleTest\AngryBirds.Email.ConsoleTest.csproj", "{BB175709-07FB-4E51-A223-917A8D4AC135}"
EndProject
Global
	GlobalSection(SolutionConfigurationPlatforms) = preSolution
		Debug|Any CPU = Debug|Any CPU
		Release|Any CPU = Release|Any CPU
	EndGlobalSection
	GlobalSection(ProjectConfigurationPlatforms) = postSolution
		{B9A2DA7F-2C8F-42E5-814D-263902EC1BAF}.Debug|Any CPU.ActiveCfg = Debug|Any CPU
		{B9A2DA7F-2C8F-42E5-814D-263902EC1BAF}.Debug|Any CPU.Build.0 = Debug|Any CPU
		{B9A2DA7F-2C8F-42E5-814D-263902EC1BAF}.Release|Any CPU.ActiveCfg = Release|Any CPU
		{B9A2DA7F-2C8F-42E5-814D-263902EC1BAF}.Release|Any CPU.Build.0 = Release|Any CPU
		{361208C4-10F0-42DB-B099-DC86957FD596}.Debug|Any CPU.ActiveCfg = Debug|Any CPU
		{361208C4-10F0-42DB-B099-DC86957FD596}.Debug|Any CPU.Build.0 = Debug|Any CPU
		{361208C4-10F0-42DB-B099-DC86957FD596}.Release|Any CPU.ActiveCfg = Release|Any CPU
		{361208C4-10F0-42DB-B099-DC86957FD596}.Release|Any CPU.Build.0 = Release|Any CPU
		{BB175709-07FB-4E51-A223-917A8D4AC135}.Debug|Any CPU.ActiveCfg = Debug|Any CPU
		{BB175709-07FB-4E51-A223-917A8D4AC135}.Debug|Any CPU.Build.0 = Debug|Any CPU
		{BB175709-07FB-4E51-A223-917A8D4AC135}.Release|Any CPU.ActiveCfg = Release|Any CPU
		{BB175709-07FB-4E51-A223-917A8D4AC135}.Release|Any CPU.Build.0 = Release|Any CPU
	EndGlobalSection
	GlobalSection(SolutionProperties) = preSolution
		HideSolutionNode = FALSE
	EndGlobalSection
	GlobalSection(ExtensibilityGlobals) = postSolution
		SolutionGuid = {831C150C-7E5B-46A5-9AE1-6F391899179F}
	EndGlobalSection
EndGlobal
